// !$*UTF8*$!
{
	archiveVersion = 1;
	classes = {
	};
	objectVersion = 55;
	objects = {

/* Begin PBXBuildFile section */
		3155DCEE280EF58100C286D5 /* EssentialFeediOS.framework in Frameworks */ = {isa = PBXBuildFile; fileRef = 3155DCEC280EF58100C286D5 /* EssentialFeediOS.framework */; };
		3155DCEF280EF58100C286D5 /* EssentialFeediOS.framework in Embed Frameworks */ = {isa = PBXBuildFile; fileRef = 3155DCEC280EF58100C286D5 /* EssentialFeediOS.framework */; settings = {ATTRIBUTES = (CodeSignOnCopy, RemoveHeadersOnCopy, ); }; };
		3155DCF0280EF58100C286D5 /* NetworkModule.framework in Frameworks */ = {isa = PBXBuildFile; fileRef = 3155DCED280EF58100C286D5 /* NetworkModule.framework */; };
		3155DCF1280EF58100C286D5 /* NetworkModule.framework in Embed Frameworks */ = {isa = PBXBuildFile; fileRef = 3155DCED280EF58100C286D5 /* NetworkModule.framework */; settings = {ATTRIBUTES = (CodeSignOnCopy, RemoveHeadersOnCopy, ); }; };
		3155DCFD2815844F00C286D5 /* XCTestCase+MemoryLeakTracking.swift in Sources */ = {isa = PBXBuildFile; fileRef = 3155DCFC2815844F00C286D5 /* XCTestCase+MemoryLeakTracking.swift */; };
		3155DCFF281584BE00C286D5 /* SharedTestHelpers.swift in Sources */ = {isa = PBXBuildFile; fileRef = 3155DCFE281584BE00C286D5 /* SharedTestHelpers.swift */; };
		3155DD0D281C1D5C00C286D5 /* FeedImageDataLoaderSpy.swift in Sources */ = {isa = PBXBuildFile; fileRef = 3155DD0C281C1D5C00C286D5 /* FeedImageDataLoaderSpy.swift */; };
		3155DD0F281C1DEA00C286D5 /* XCTestCase+FeedImageDataLoader.swift in Sources */ = {isa = PBXBuildFile; fileRef = 3155DD0E281C1DEA00C286D5 /* XCTestCase+FeedImageDataLoader.swift */; };
		31C4AF43289F8E8E002F4141 /* CommentsUIIntegrationTests.swift in Sources */ = {isa = PBXBuildFile; fileRef = 31C4AF42289F8E8E002F4141 /* CommentsUIIntegrationTests.swift */; };
		31C4AF45289F907D002F4141 /* CommentsUIComposer.swift in Sources */ = {isa = PBXBuildFile; fileRef = 31C4AF44289F907D002F4141 /* CommentsUIComposer.swift */; };
		31C4AF6328ACFC4A002F4141 /* NullStore.swift in Sources */ = {isa = PBXBuildFile; fileRef = 31C4AF6228ACFC4A002F4141 /* NullStore.swift */; };
		31DC2AA728714B9500FBEE20 /* SceneDelegateTests.swift in Sources */ = {isa = PBXBuildFile; fileRef = 31DC2AA628714B9500FBEE20 /* SceneDelegateTests.swift */; };
		31DC2ABB2871506400FBEE20 /* WeakRefVirtualProxy.swift in Sources */ = {isa = PBXBuildFile; fileRef = 31DC2AB52871506300FBEE20 /* WeakRefVirtualProxy.swift */; };
		31DC2ABC2871506400FBEE20 /* FeedUIComposer.swift in Sources */ = {isa = PBXBuildFile; fileRef = 31DC2AB42871506300FBEE20 /* FeedUIComposer.swift */; };
		31DC2ABD2871506400FBEE20 /* FeedViewAdapter.swift in Sources */ = {isa = PBXBuildFile; fileRef = 31DC2AB92871506400FBEE20 /* FeedViewAdapter.swift */; };
		31DC2ABF2871506400FBEE20 /* LoadResourcePresentationAdapter.swift in Sources */ = {isa = PBXBuildFile; fileRef = 31DC2AB72871506300FBEE20 /* LoadResourcePresentationAdapter.swift */; };
		31DC2AC82871508100FBEE20 /* FeedLoaderSpy+FeedImageDataLoaderSpy.swift in Sources */ = {isa = PBXBuildFile; fileRef = 31DC2AC32871508100FBEE20 /* FeedLoaderSpy+FeedImageDataLoaderSpy.swift */; };
		31DC2AC92871508100FBEE20 /* UIButton+TestHelpers.swift in Sources */ = {isa = PBXBuildFile; fileRef = 31DC2AC02871508000FBEE20 /* UIButton+TestHelpers.swift */; };
		31DC2ACA2871508100FBEE20 /* FeedViewControllerTests+Helpers.swift in Sources */ = {isa = PBXBuildFile; fileRef = 31DC2AC12871508000FBEE20 /* FeedViewControllerTests+Helpers.swift */; };
		31DC2ACB2871508100FBEE20 /* FeedImageCell+Helpers.swift in Sources */ = {isa = PBXBuildFile; fileRef = 31DC2AC52871508100FBEE20 /* FeedImageCell+Helpers.swift */; };
		31DC2ACD2871508100FBEE20 /* ListViewController+TestHelpers.swift in Sources */ = {isa = PBXBuildFile; fileRef = 31DC2AC62871508100FBEE20 /* ListViewController+TestHelpers.swift */; };
		31DC2ACE2871508100FBEE20 /* UIRefreshControl+Helpers.swift in Sources */ = {isa = PBXBuildFile; fileRef = 31DC2AC42871508100FBEE20 /* UIRefreshControl+Helpers.swift */; };
		31DC2ACF2871508100FBEE20 /* UIImage+TestsHelpers.swift in Sources */ = {isa = PBXBuildFile; fileRef = 31DC2AC22871508000FBEE20 /* UIImage+TestsHelpers.swift */; };
		31DC2AD12871508D00FBEE20 /* FeedUIIntegrationTests.swift in Sources */ = {isa = PBXBuildFile; fileRef = 31DC2AD02871508D00FBEE20 /* FeedUIIntegrationTests.swift */; };
		31DC2AD32871595B00FBEE20 /* FeedAcceptanceTests.swift in Sources */ = {isa = PBXBuildFile; fileRef = 31DC2AD22871595B00FBEE20 /* FeedAcceptanceTests.swift */; };
		31DC2AD52875B7F500FBEE20 /* UIView+TestHelpers.swift in Sources */ = {isa = PBXBuildFile; fileRef = 31DC2AD42875B7F500FBEE20 /* UIView+TestHelpers.swift */; };
		31DC2AD7287C497600FBEE20 /* CombineHelpers.swift in Sources */ = {isa = PBXBuildFile; fileRef = 31DC2AD6287C497600FBEE20 /* CombineHelpers.swift */; };
		31F0DFDC280EF266007F0A5D /* AppDelegate.swift in Sources */ = {isa = PBXBuildFile; fileRef = 31F0DFDB280EF266007F0A5D /* AppDelegate.swift */; };
		31F0DFDE280EF266007F0A5D /* SceneDelegate.swift in Sources */ = {isa = PBXBuildFile; fileRef = 31F0DFDD280EF266007F0A5D /* SceneDelegate.swift */; };
		31F0DFE0280EF266007F0A5D /* ViewController.swift in Sources */ = {isa = PBXBuildFile; fileRef = 31F0DFDF280EF266007F0A5D /* ViewController.swift */; };
		31F0DFE3280EF266007F0A5D /* Main.storyboard in Resources */ = {isa = PBXBuildFile; fileRef = 31F0DFE1280EF266007F0A5D /* Main.storyboard */; };
		31F0DFE5280EF268007F0A5D /* Assets.xcassets in Resources */ = {isa = PBXBuildFile; fileRef = 31F0DFE4280EF268007F0A5D /* Assets.xcassets */; };
		31F0DFE8280EF268007F0A5D /* LaunchScreen.storyboard in Resources */ = {isa = PBXBuildFile; fileRef = 31F0DFE6280EF268007F0A5D /* LaunchScreen.storyboard */; };
/* End PBXBuildFile section */

/* Begin PBXContainerItemProxy section */
		31F0DFEF280EF268007F0A5D /* PBXContainerItemProxy */ = {
			isa = PBXContainerItemProxy;
			containerPortal = 31F0DFD0280EF266007F0A5D /* Project object */;
			proxyType = 1;
			remoteGlobalIDString = 31F0DFD7280EF266007F0A5D;
			remoteInfo = EssentialApp;
		};
/* End PBXContainerItemProxy section */

/* Begin PBXCopyFilesBuildPhase section */
		3155DCF2280EF58100C286D5 /* Embed Frameworks */ = {
			isa = PBXCopyFilesBuildPhase;
			buildActionMask = 2147483647;
			dstPath = "";
			dstSubfolderSpec = 10;
			files = (
				3155DCEF280EF58100C286D5 /* EssentialFeediOS.framework in Embed Frameworks */,
				3155DCF1280EF58100C286D5 /* NetworkModule.framework in Embed Frameworks */,
			);
			name = "Embed Frameworks";
			runOnlyForDeploymentPostprocessing = 0;
		};
/* End PBXCopyFilesBuildPhase section */

/* Begin PBXFileReference section */
		3155DCEC280EF58100C286D5 /* EssentialFeediOS.framework */ = {isa = PBXFileReference; explicitFileType = wrapper.framework; path = EssentialFeediOS.framework; sourceTree = BUILT_PRODUCTS_DIR; };
		3155DCED280EF58100C286D5 /* NetworkModule.framework */ = {isa = PBXFileReference; explicitFileType = wrapper.framework; path = NetworkModule.framework; sourceTree = BUILT_PRODUCTS_DIR; };
		3155DCFC2815844F00C286D5 /* XCTestCase+MemoryLeakTracking.swift */ = {isa = PBXFileReference; lastKnownFileType = sourcecode.swift; path = "XCTestCase+MemoryLeakTracking.swift"; sourceTree = "<group>"; };
		3155DCFE281584BE00C286D5 /* SharedTestHelpers.swift */ = {isa = PBXFileReference; lastKnownFileType = sourcecode.swift; path = SharedTestHelpers.swift; sourceTree = "<group>"; };
		3155DD0C281C1D5C00C286D5 /* FeedImageDataLoaderSpy.swift */ = {isa = PBXFileReference; lastKnownFileType = sourcecode.swift; path = FeedImageDataLoaderSpy.swift; sourceTree = "<group>"; };
		3155DD0E281C1DEA00C286D5 /* XCTestCase+FeedImageDataLoader.swift */ = {isa = PBXFileReference; lastKnownFileType = sourcecode.swift; path = "XCTestCase+FeedImageDataLoader.swift"; sourceTree = "<group>"; };
		31C4AF42289F8E8E002F4141 /* CommentsUIIntegrationTests.swift */ = {isa = PBXFileReference; lastKnownFileType = sourcecode.swift; path = CommentsUIIntegrationTests.swift; sourceTree = "<group>"; };
		31C4AF44289F907D002F4141 /* CommentsUIComposer.swift */ = {isa = PBXFileReference; lastKnownFileType = sourcecode.swift; path = CommentsUIComposer.swift; sourceTree = "<group>"; };
		31C4AF6228ACFC4A002F4141 /* NullStore.swift */ = {isa = PBXFileReference; lastKnownFileType = sourcecode.swift; path = NullStore.swift; sourceTree = "<group>"; };
		31DC2AA628714B9500FBEE20 /* SceneDelegateTests.swift */ = {isa = PBXFileReference; lastKnownFileType = sourcecode.swift; path = SceneDelegateTests.swift; sourceTree = "<group>"; };
		31DC2AB42871506300FBEE20 /* FeedUIComposer.swift */ = {isa = PBXFileReference; lastKnownFileType = sourcecode.swift; path = FeedUIComposer.swift; sourceTree = "<group>"; };
		31DC2AB52871506300FBEE20 /* WeakRefVirtualProxy.swift */ = {isa = PBXFileReference; lastKnownFileType = sourcecode.swift; path = WeakRefVirtualProxy.swift; sourceTree = "<group>"; };
		31DC2AB72871506300FBEE20 /* LoadResourcePresentationAdapter.swift */ = {isa = PBXFileReference; lastKnownFileType = sourcecode.swift; path = LoadResourcePresentationAdapter.swift; sourceTree = "<group>"; };
		31DC2AB92871506400FBEE20 /* FeedViewAdapter.swift */ = {isa = PBXFileReference; lastKnownFileType = sourcecode.swift; path = FeedViewAdapter.swift; sourceTree = "<group>"; };
		31DC2AC02871508000FBEE20 /* UIButton+TestHelpers.swift */ = {isa = PBXFileReference; lastKnownFileType = sourcecode.swift; path = "UIButton+TestHelpers.swift"; sourceTree = "<group>"; };
		31DC2AC12871508000FBEE20 /* FeedViewControllerTests+Helpers.swift */ = {isa = PBXFileReference; lastKnownFileType = sourcecode.swift; path = "FeedViewControllerTests+Helpers.swift"; sourceTree = "<group>"; };
		31DC2AC22871508000FBEE20 /* UIImage+TestsHelpers.swift */ = {isa = PBXFileReference; lastKnownFileType = sourcecode.swift; path = "UIImage+TestsHelpers.swift"; sourceTree = "<group>"; };
		31DC2AC32871508100FBEE20 /* FeedLoaderSpy+FeedImageDataLoaderSpy.swift */ = {isa = PBXFileReference; lastKnownFileType = sourcecode.swift; path = "FeedLoaderSpy+FeedImageDataLoaderSpy.swift"; sourceTree = "<group>"; };
		31DC2AC42871508100FBEE20 /* UIRefreshControl+Helpers.swift */ = {isa = PBXFileReference; lastKnownFileType = sourcecode.swift; path = "UIRefreshControl+Helpers.swift"; sourceTree = "<group>"; };
		31DC2AC52871508100FBEE20 /* FeedImageCell+Helpers.swift */ = {isa = PBXFileReference; lastKnownFileType = sourcecode.swift; path = "FeedImageCell+Helpers.swift"; sourceTree = "<group>"; };
		31DC2AC62871508100FBEE20 /* ListViewController+TestHelpers.swift */ = {isa = PBXFileReference; lastKnownFileType = sourcecode.swift; path = "ListViewController+TestHelpers.swift"; sourceTree = "<group>"; };
		31DC2AD02871508D00FBEE20 /* FeedUIIntegrationTests.swift */ = {isa = PBXFileReference; lastKnownFileType = sourcecode.swift; path = FeedUIIntegrationTests.swift; sourceTree = "<group>"; };
		31DC2AD22871595B00FBEE20 /* FeedAcceptanceTests.swift */ = {isa = PBXFileReference; lastKnownFileType = sourcecode.swift; path = FeedAcceptanceTests.swift; sourceTree = "<group>"; };
		31DC2AD42875B7F500FBEE20 /* UIView+TestHelpers.swift */ = {isa = PBXFileReference; lastKnownFileType = sourcecode.swift; path = "UIView+TestHelpers.swift"; sourceTree = "<group>"; };
		31DC2AD6287C497600FBEE20 /* CombineHelpers.swift */ = {isa = PBXFileReference; lastKnownFileType = sourcecode.swift; path = CombineHelpers.swift; sourceTree = "<group>"; };
		31F0DFD8280EF266007F0A5D /* EssentialApp.app */ = {isa = PBXFileReference; explicitFileType = wrapper.application; includeInIndex = 0; path = EssentialApp.app; sourceTree = BUILT_PRODUCTS_DIR; };
		31F0DFDB280EF266007F0A5D /* AppDelegate.swift */ = {isa = PBXFileReference; lastKnownFileType = sourcecode.swift; path = AppDelegate.swift; sourceTree = "<group>"; };
		31F0DFDD280EF266007F0A5D /* SceneDelegate.swift */ = {isa = PBXFileReference; lastKnownFileType = sourcecode.swift; path = SceneDelegate.swift; sourceTree = "<group>"; };
		31F0DFDF280EF266007F0A5D /* ViewController.swift */ = {isa = PBXFileReference; lastKnownFileType = sourcecode.swift; path = ViewController.swift; sourceTree = "<group>"; };
		31F0DFE2280EF266007F0A5D /* Base */ = {isa = PBXFileReference; lastKnownFileType = file.storyboard; name = Base; path = Base.lproj/Main.storyboard; sourceTree = "<group>"; };
		31F0DFE4280EF268007F0A5D /* Assets.xcassets */ = {isa = PBXFileReference; lastKnownFileType = folder.assetcatalog; path = Assets.xcassets; sourceTree = "<group>"; };
		31F0DFE7280EF268007F0A5D /* Base */ = {isa = PBXFileReference; lastKnownFileType = file.storyboard; name = Base; path = Base.lproj/LaunchScreen.storyboard; sourceTree = "<group>"; };
		31F0DFE9280EF268007F0A5D /* Info.plist */ = {isa = PBXFileReference; lastKnownFileType = text.plist.xml; path = Info.plist; sourceTree = "<group>"; };
		31F0DFEE280EF268007F0A5D /* EssentialAppTests.xctest */ = {isa = PBXFileReference; explicitFileType = wrapper.cfbundle; includeInIndex = 0; path = EssentialAppTests.xctest; sourceTree = BUILT_PRODUCTS_DIR; };
/* End PBXFileReference section */

/* Begin PBXFrameworksBuildPhase section */
		31F0DFD5280EF266007F0A5D /* Frameworks */ = {
			isa = PBXFrameworksBuildPhase;
			buildActionMask = 2147483647;
			files = (
				3155DCEE280EF58100C286D5 /* EssentialFeediOS.framework in Frameworks */,
				3155DCF0280EF58100C286D5 /* NetworkModule.framework in Frameworks */,
			);
			runOnlyForDeploymentPostprocessing = 0;
		};
		31F0DFEB280EF268007F0A5D /* Frameworks */ = {
			isa = PBXFrameworksBuildPhase;
			buildActionMask = 2147483647;
			files = (
			);
			runOnlyForDeploymentPostprocessing = 0;
		};
/* End PBXFrameworksBuildPhase section */

/* Begin PBXGroup section */
		3155DCEB280EF58100C286D5 /* Frameworks */ = {
			isa = PBXGroup;
			children = (
				3155DCEC280EF58100C286D5 /* EssentialFeediOS.framework */,
				3155DCED280EF58100C286D5 /* NetworkModule.framework */,
			);
			name = Frameworks;
			sourceTree = "<group>";
		};
		3155DCFB2815843200C286D5 /* Helpers */ = {
			isa = PBXGroup;
			children = (
				31DC2AC02871508000FBEE20 /* UIButton+TestHelpers.swift */,
				31DC2AC22871508000FBEE20 /* UIImage+TestsHelpers.swift */,
				31DC2AC42871508100FBEE20 /* UIRefreshControl+Helpers.swift */,
				31DC2AC52871508100FBEE20 /* FeedImageCell+Helpers.swift */,
				31DC2AC32871508100FBEE20 /* FeedLoaderSpy+FeedImageDataLoaderSpy.swift */,
				31DC2AC62871508100FBEE20 /* ListViewController+TestHelpers.swift */,
				31DC2AC12871508000FBEE20 /* FeedViewControllerTests+Helpers.swift */,
				3155DCFC2815844F00C286D5 /* XCTestCase+MemoryLeakTracking.swift */,
				3155DCFE281584BE00C286D5 /* SharedTestHelpers.swift */,
				3155DD0C281C1D5C00C286D5 /* FeedImageDataLoaderSpy.swift */,
				3155DD0E281C1DEA00C286D5 /* XCTestCase+FeedImageDataLoader.swift */,
				31DC2AD42875B7F500FBEE20 /* UIView+TestHelpers.swift */,
			);
			path = Helpers;
			sourceTree = "<group>";
		};
		31F0DFCF280EF266007F0A5D = {
			isa = PBXGroup;
			children = (
				31F0DFDA280EF266007F0A5D /* EssentialApp */,
				31F0DFF1280EF268007F0A5D /* EssentialAppTests */,
				31F0DFD9280EF266007F0A5D /* Products */,
				3155DCEB280EF58100C286D5 /* Frameworks */,
			);
			sourceTree = "<group>";
		};
		31F0DFD9280EF266007F0A5D /* Products */ = {
			isa = PBXGroup;
			children = (
				31F0DFD8280EF266007F0A5D /* EssentialApp.app */,
				31F0DFEE280EF268007F0A5D /* EssentialAppTests.xctest */,
			);
			name = Products;
			sourceTree = "<group>";
		};
		31F0DFDA280EF266007F0A5D /* EssentialApp */ = {
			isa = PBXGroup;
			children = (
				31F0DFDB280EF266007F0A5D /* AppDelegate.swift */,
				31F0DFDD280EF266007F0A5D /* SceneDelegate.swift */,
				31DC2AD6287C497600FBEE20 /* CombineHelpers.swift */,
				31F0DFDF280EF266007F0A5D /* ViewController.swift */,
				31DC2AB42871506300FBEE20 /* FeedUIComposer.swift */,
				31DC2AB52871506300FBEE20 /* WeakRefVirtualProxy.swift */,
				31DC2AB92871506400FBEE20 /* FeedViewAdapter.swift */,
				31DC2AB72871506300FBEE20 /* LoadResourcePresentationAdapter.swift */,
				31F0DFE1280EF266007F0A5D /* Main.storyboard */,
				31F0DFE4280EF268007F0A5D /* Assets.xcassets */,
				31F0DFE6280EF268007F0A5D /* LaunchScreen.storyboard */,
				31F0DFE9280EF268007F0A5D /* Info.plist */,
				31C4AF44289F907D002F4141 /* CommentsUIComposer.swift */,
				31C4AF6228ACFC4A002F4141 /* NullStore.swift */,
			);
			path = EssentialApp;
			sourceTree = "<group>";
		};
		31F0DFF1280EF268007F0A5D /* EssentialAppTests */ = {
			isa = PBXGroup;
			children = (
				31DC2AD02871508D00FBEE20 /* FeedUIIntegrationTests.swift */,
				3155DCFB2815843200C286D5 /* Helpers */,
				31DC2AA628714B9500FBEE20 /* SceneDelegateTests.swift */,
				31DC2AD22871595B00FBEE20 /* FeedAcceptanceTests.swift */,
				31C4AF42289F8E8E002F4141 /* CommentsUIIntegrationTests.swift */,
			);
			path = EssentialAppTests;
			sourceTree = "<group>";
		};
/* End PBXGroup section */

/* Begin PBXNativeTarget section */
		31F0DFD7280EF266007F0A5D /* EssentialApp */ = {
			isa = PBXNativeTarget;
			buildConfigurationList = 31F0E002280EF268007F0A5D /* Build configuration list for PBXNativeTarget "EssentialApp" */;
			buildPhases = (
				31F0DFD4280EF266007F0A5D /* Sources */,
				31F0DFD5280EF266007F0A5D /* Frameworks */,
				31F0DFD6280EF266007F0A5D /* Resources */,
				3155DCF2280EF58100C286D5 /* Embed Frameworks */,
			);
			buildRules = (
			);
			dependencies = (
			);
			name = EssentialApp;
			productName = EssentialApp;
			productReference = 31F0DFD8280EF266007F0A5D /* EssentialApp.app */;
			productType = "com.apple.product-type.application";
		};
		31F0DFED280EF268007F0A5D /* EssentialAppTests */ = {
			isa = PBXNativeTarget;
			buildConfigurationList = 31F0E005280EF268007F0A5D /* Build configuration list for PBXNativeTarget "EssentialAppTests" */;
			buildPhases = (
				31F0DFEA280EF268007F0A5D /* Sources */,
				31F0DFEB280EF268007F0A5D /* Frameworks */,
				31F0DFEC280EF268007F0A5D /* Resources */,
			);
			buildRules = (
			);
			dependencies = (
				31F0DFF0280EF268007F0A5D /* PBXTargetDependency */,
			);
			name = EssentialAppTests;
			productName = EssentialAppTests;
			productReference = 31F0DFEE280EF268007F0A5D /* EssentialAppTests.xctest */;
			productType = "com.apple.product-type.bundle.unit-test";
		};
/* End PBXNativeTarget section */

/* Begin PBXProject section */
		31F0DFD0280EF266007F0A5D /* Project object */ = {
			isa = PBXProject;
			attributes = {
				BuildIndependentTargetsInParallel = 1;
				LastSwiftUpdateCheck = 1340;
				LastUpgradeCheck = 1320;
				TargetAttributes = {
					31F0DFD7280EF266007F0A5D = {
						CreatedOnToolsVersion = 13.2;
					};
					31F0DFED280EF268007F0A5D = {
						CreatedOnToolsVersion = 13.2;
						LastSwiftMigration = 1320;
						TestTargetID = 31F0DFD7280EF266007F0A5D;
					};
				};
			};
			buildConfigurationList = 31F0DFD3280EF266007F0A5D /* Build configuration list for PBXProject "EssentialApp" */;
			compatibilityVersion = "Xcode 13.0";
			developmentRegion = en;
			hasScannedForEncodings = 0;
			knownRegions = (
				en,
				Base,
			);
			mainGroup = 31F0DFCF280EF266007F0A5D;
			productRefGroup = 31F0DFD9280EF266007F0A5D /* Products */;
			projectDirPath = "";
			projectRoot = "";
			targets = (
				31F0DFD7280EF266007F0A5D /* EssentialApp */,
				31F0DFED280EF268007F0A5D /* EssentialAppTests */,
			);
		};
/* End PBXProject section */

/* Begin PBXResourcesBuildPhase section */
		31F0DFD6280EF266007F0A5D /* Resources */ = {
			isa = PBXResourcesBuildPhase;
			buildActionMask = 2147483647;
			files = (
				31F0DFE8280EF268007F0A5D /* LaunchScreen.storyboard in Resources */,
				31F0DFE5280EF268007F0A5D /* Assets.xcassets in Resources */,
				31F0DFE3280EF266007F0A5D /* Main.storyboard in Resources */,
			);
			runOnlyForDeploymentPostprocessing = 0;
		};
		31F0DFEC280EF268007F0A5D /* Resources */ = {
			isa = PBXResourcesBuildPhase;
			buildActionMask = 2147483647;
			files = (
			);
			runOnlyForDeploymentPostprocessing = 0;
		};
/* End PBXResourcesBuildPhase section */

/* Begin PBXSourcesBuildPhase section */
		31F0DFD4280EF266007F0A5D /* Sources */ = {
			isa = PBXSourcesBuildPhase;
			buildActionMask = 2147483647;
			files = (
				31F0DFE0280EF266007F0A5D /* ViewController.swift in Sources */,
				31DC2AD7287C497600FBEE20 /* CombineHelpers.swift in Sources */,
				31C4AF6328ACFC4A002F4141 /* NullStore.swift in Sources */,
				31DC2ABB2871506400FBEE20 /* WeakRefVirtualProxy.swift in Sources */,
				31F0DFDC280EF266007F0A5D /* AppDelegate.swift in Sources */,
				31C4AF45289F907D002F4141 /* CommentsUIComposer.swift in Sources */,
				31DC2ABD2871506400FBEE20 /* FeedViewAdapter.swift in Sources */,
				31F0DFDE280EF266007F0A5D /* SceneDelegate.swift in Sources */,
				31DC2ABC2871506400FBEE20 /* FeedUIComposer.swift in Sources */,
				31DC2ABF2871506400FBEE20 /* LoadResourcePresentationAdapter.swift in Sources */,
			);
			runOnlyForDeploymentPostprocessing = 0;
		};
		31F0DFEA280EF268007F0A5D /* Sources */ = {
			isa = PBXSourcesBuildPhase;
			buildActionMask = 2147483647;
			files = (
				31DC2ACB2871508100FBEE20 /* FeedImageCell+Helpers.swift in Sources */,
				31DC2ACD2871508100FBEE20 /* ListViewController+TestHelpers.swift in Sources */,
				31DC2AD12871508D00FBEE20 /* FeedUIIntegrationTests.swift in Sources */,
				3155DD0F281C1DEA00C286D5 /* XCTestCase+FeedImageDataLoader.swift in Sources */,
				31C4AF43289F8E8E002F4141 /* CommentsUIIntegrationTests.swift in Sources */,
				31DC2AD32871595B00FBEE20 /* FeedAcceptanceTests.swift in Sources */,
				31DC2ACA2871508100FBEE20 /* FeedViewControllerTests+Helpers.swift in Sources */,
				31DC2AA728714B9500FBEE20 /* SceneDelegateTests.swift in Sources */,
				3155DD0D281C1D5C00C286D5 /* FeedImageDataLoaderSpy.swift in Sources */,
				31DC2AC82871508100FBEE20 /* FeedLoaderSpy+FeedImageDataLoaderSpy.swift in Sources */,
				3155DCFF281584BE00C286D5 /* SharedTestHelpers.swift in Sources */,
				31DC2AD52875B7F500FBEE20 /* UIView+TestHelpers.swift in Sources */,
				3155DCFD2815844F00C286D5 /* XCTestCase+MemoryLeakTracking.swift in Sources */,
				31DC2ACE2871508100FBEE20 /* UIRefreshControl+Helpers.swift in Sources */,
				31DC2ACF2871508100FBEE20 /* UIImage+TestsHelpers.swift in Sources */,
				31DC2AC92871508100FBEE20 /* UIButton+TestHelpers.swift in Sources */,
			);
			runOnlyForDeploymentPostprocessing = 0;
		};
/* End PBXSourcesBuildPhase section */

/* Begin PBXTargetDependency section */
		31F0DFF0280EF268007F0A5D /* PBXTargetDependency */ = {
			isa = PBXTargetDependency;
			target = 31F0DFD7280EF266007F0A5D /* EssentialApp */;
			targetProxy = 31F0DFEF280EF268007F0A5D /* PBXContainerItemProxy */;
		};
/* End PBXTargetDependency section */

/* Begin PBXVariantGroup section */
		31F0DFE1280EF266007F0A5D /* Main.storyboard */ = {
			isa = PBXVariantGroup;
			children = (
				31F0DFE2280EF266007F0A5D /* Base */,
			);
			name = Main.storyboard;
			sourceTree = "<group>";
		};
		31F0DFE6280EF268007F0A5D /* LaunchScreen.storyboard */ = {
			isa = PBXVariantGroup;
			children = (
				31F0DFE7280EF268007F0A5D /* Base */,
			);
			name = LaunchScreen.storyboard;
			sourceTree = "<group>";
		};
/* End PBXVariantGroup section */

/* Begin XCBuildConfiguration section */
		31F0E000280EF268007F0A5D /* Debug */ = {
			isa = XCBuildConfiguration;
			buildSettings = {
				ALWAYS_SEARCH_USER_PATHS = NO;
				CLANG_ANALYZER_NONNULL = YES;
				CLANG_ANALYZER_NUMBER_OBJECT_CONVERSION = YES_AGGRESSIVE;
				CLANG_CXX_LANGUAGE_STANDARD = "gnu++17";
				CLANG_CXX_LIBRARY = "libc++";
				CLANG_ENABLE_MODULES = YES;
				CLANG_ENABLE_OBJC_ARC = YES;
				CLANG_ENABLE_OBJC_WEAK = YES;
				CLANG_WARN_BLOCK_CAPTURE_AUTORELEASING = YES;
				CLANG_WARN_BOOL_CONVERSION = YES;
				CLANG_WARN_COMMA = YES;
				CLANG_WARN_CONSTANT_CONVERSION = YES;
				CLANG_WARN_DEPRECATED_OBJC_IMPLEMENTATIONS = YES;
				CLANG_WARN_DIRECT_OBJC_ISA_USAGE = YES_ERROR;
				CLANG_WARN_DOCUMENTATION_COMMENTS = YES;
				CLANG_WARN_EMPTY_BODY = YES;
				CLANG_WARN_ENUM_CONVERSION = YES;
				CLANG_WARN_INFINITE_RECURSION = YES;
				CLANG_WARN_INT_CONVERSION = YES;
				CLANG_WARN_NON_LITERAL_NULL_CONVERSION = YES;
				CLANG_WARN_OBJC_IMPLICIT_RETAIN_SELF = YES;
				CLANG_WARN_OBJC_LITERAL_CONVERSION = YES;
				CLANG_WARN_OBJC_ROOT_CLASS = YES_ERROR;
				CLANG_WARN_QUOTED_INCLUDE_IN_FRAMEWORK_HEADER = YES;
				CLANG_WARN_RANGE_LOOP_ANALYSIS = YES;
				CLANG_WARN_STRICT_PROTOTYPES = YES;
				CLANG_WARN_SUSPICIOUS_MOVE = YES;
				CLANG_WARN_UNGUARDED_AVAILABILITY = YES_AGGRESSIVE;
				CLANG_WARN_UNREACHABLE_CODE = YES;
				CLANG_WARN__DUPLICATE_METHOD_MATCH = YES;
				COPY_PHASE_STRIP = NO;
				DEBUG_INFORMATION_FORMAT = dwarf;
				ENABLE_STRICT_OBJC_MSGSEND = YES;
				ENABLE_TESTABILITY = YES;
				GCC_C_LANGUAGE_STANDARD = gnu11;
				GCC_DYNAMIC_NO_PIC = NO;
				GCC_NO_COMMON_BLOCKS = YES;
				GCC_OPTIMIZATION_LEVEL = 0;
				GCC_PREPROCESSOR_DEFINITIONS = (
					"DEBUG=1",
					"$(inherited)",
				);
				GCC_WARN_64_TO_32_BIT_CONVERSION = YES;
				GCC_WARN_ABOUT_RETURN_TYPE = YES_ERROR;
				GCC_WARN_UNDECLARED_SELECTOR = YES;
				GCC_WARN_UNINITIALIZED_AUTOS = YES_AGGRESSIVE;
				GCC_WARN_UNUSED_FUNCTION = YES;
				GCC_WARN_UNUSED_VARIABLE = YES;
				IPHONEOS_DEPLOYMENT_TARGET = 13.0;
				MTL_ENABLE_DEBUG_INFO = INCLUDE_SOURCE;
				MTL_FAST_MATH = YES;
				ONLY_ACTIVE_ARCH = YES;
				SDKROOT = iphoneos;
				SWIFT_ACTIVE_COMPILATION_CONDITIONS = DEBUG;
				SWIFT_OPTIMIZATION_LEVEL = "-Onone";
			};
			name = Debug;
		};
		31F0E001280EF268007F0A5D /* Release */ = {
			isa = XCBuildConfiguration;
			buildSettings = {
				ALWAYS_SEARCH_USER_PATHS = NO;
				CLANG_ANALYZER_NONNULL = YES;
				CLANG_ANALYZER_NUMBER_OBJECT_CONVERSION = YES_AGGRESSIVE;
				CLANG_CXX_LANGUAGE_STANDARD = "gnu++17";
				CLANG_CXX_LIBRARY = "libc++";
				CLANG_ENABLE_MODULES = YES;
				CLANG_ENABLE_OBJC_ARC = YES;
				CLANG_ENABLE_OBJC_WEAK = YES;
				CLANG_WARN_BLOCK_CAPTURE_AUTORELEASING = YES;
				CLANG_WARN_BOOL_CONVERSION = YES;
				CLANG_WARN_COMMA = YES;
				CLANG_WARN_CONSTANT_CONVERSION = YES;
				CLANG_WARN_DEPRECATED_OBJC_IMPLEMENTATIONS = YES;
				CLANG_WARN_DIRECT_OBJC_ISA_USAGE = YES_ERROR;
				CLANG_WARN_DOCUMENTATION_COMMENTS = YES;
				CLANG_WARN_EMPTY_BODY = YES;
				CLANG_WARN_ENUM_CONVERSION = YES;
				CLANG_WARN_INFINITE_RECURSION = YES;
				CLANG_WARN_INT_CONVERSION = YES;
				CLANG_WARN_NON_LITERAL_NULL_CONVERSION = YES;
				CLANG_WARN_OBJC_IMPLICIT_RETAIN_SELF = YES;
				CLANG_WARN_OBJC_LITERAL_CONVERSION = YES;
				CLANG_WARN_OBJC_ROOT_CLASS = YES_ERROR;
				CLANG_WARN_QUOTED_INCLUDE_IN_FRAMEWORK_HEADER = YES;
				CLANG_WARN_RANGE_LOOP_ANALYSIS = YES;
				CLANG_WARN_STRICT_PROTOTYPES = YES;
				CLANG_WARN_SUSPICIOUS_MOVE = YES;
				CLANG_WARN_UNGUARDED_AVAILABILITY = YES_AGGRESSIVE;
				CLANG_WARN_UNREACHABLE_CODE = YES;
				CLANG_WARN__DUPLICATE_METHOD_MATCH = YES;
				COPY_PHASE_STRIP = NO;
				DEBUG_INFORMATION_FORMAT = "dwarf-with-dsym";
				ENABLE_NS_ASSERTIONS = NO;
				ENABLE_STRICT_OBJC_MSGSEND = YES;
				GCC_C_LANGUAGE_STANDARD = gnu11;
				GCC_NO_COMMON_BLOCKS = YES;
				GCC_WARN_64_TO_32_BIT_CONVERSION = YES;
				GCC_WARN_ABOUT_RETURN_TYPE = YES_ERROR;
				GCC_WARN_UNDECLARED_SELECTOR = YES;
				GCC_WARN_UNINITIALIZED_AUTOS = YES_AGGRESSIVE;
				GCC_WARN_UNUSED_FUNCTION = YES;
				GCC_WARN_UNUSED_VARIABLE = YES;
				IPHONEOS_DEPLOYMENT_TARGET = 13.0;
				MTL_ENABLE_DEBUG_INFO = NO;
				MTL_FAST_MATH = YES;
				SDKROOT = iphoneos;
				SWIFT_COMPILATION_MODE = wholemodule;
				SWIFT_OPTIMIZATION_LEVEL = "-O";
				VALIDATE_PRODUCT = YES;
			};
			name = Release;
		};
		31F0E003280EF268007F0A5D /* Debug */ = {
			isa = XCBuildConfiguration;
			buildSettings = {
				ASSETCATALOG_COMPILER_APPICON_NAME = AppIcon;
				ASSETCATALOG_COMPILER_GLOBAL_ACCENT_COLOR_NAME = AccentColor;
				CODE_SIGN_STYLE = Automatic;
				CURRENT_PROJECT_VERSION = 1;
				DEVELOPMENT_TEAM = 7DY6Z945T9;
				GENERATE_INFOPLIST_FILE = YES;
				INFOPLIST_FILE = EssentialApp/Info.plist;
				INFOPLIST_KEY_UIApplicationSupportsIndirectInputEvents = YES;
				INFOPLIST_KEY_UILaunchStoryboardName = LaunchScreen;
				INFOPLIST_KEY_UIMainStoryboardFile = Main;
				INFOPLIST_KEY_UISupportedInterfaceOrientations = UIInterfaceOrientationPortrait;
				INFOPLIST_KEY_UISupportedInterfaceOrientations_iPad = "UIInterfaceOrientationPortrait UIInterfaceOrientationPortraitUpsideDown UIInterfaceOrientationLandscapeLeft UIInterfaceOrientationLandscapeRight";
				INFOPLIST_KEY_UISupportedInterfaceOrientations_iPhone = "UIInterfaceOrientationPortrait UIInterfaceOrientationLandscapeLeft UIInterfaceOrientationLandscapeRight";
				IPHONEOS_DEPLOYMENT_TARGET = 14.0;
				LD_RUNPATH_SEARCH_PATHS = (
					"$(inherited)",
					"@executable_path/Frameworks",
				);
				MARKETING_VERSION = 1.0;
				PRODUCT_BUNDLE_IDENTIFIER = klioop.EssentialApp;
				PRODUCT_NAME = "$(TARGET_NAME)";
				SWIFT_EMIT_LOC_STRINGS = YES;
				SWIFT_VERSION = 5.0;
				TARGETED_DEVICE_FAMILY = 1;
			};
			name = Debug;
		};
		31F0E004280EF268007F0A5D /* Release */ = {
			isa = XCBuildConfiguration;
			buildSettings = {
				ASSETCATALOG_COMPILER_APPICON_NAME = AppIcon;
				ASSETCATALOG_COMPILER_GLOBAL_ACCENT_COLOR_NAME = AccentColor;
				CODE_SIGN_STYLE = Automatic;
				CURRENT_PROJECT_VERSION = 1;
				DEVELOPMENT_TEAM = 7DY6Z945T9;
				GENERATE_INFOPLIST_FILE = YES;
				INFOPLIST_FILE = EssentialApp/Info.plist;
				INFOPLIST_KEY_UIApplicationSupportsIndirectInputEvents = YES;
				INFOPLIST_KEY_UILaunchStoryboardName = LaunchScreen;
				INFOPLIST_KEY_UIMainStoryboardFile = Main;
				INFOPLIST_KEY_UISupportedInterfaceOrientations = UIInterfaceOrientationPortrait;
				INFOPLIST_KEY_UISupportedInterfaceOrientations_iPad = "UIInterfaceOrientationPortrait UIInterfaceOrientationPortraitUpsideDown UIInterfaceOrientationLandscapeLeft UIInterfaceOrientationLandscapeRight";
				INFOPLIST_KEY_UISupportedInterfaceOrientations_iPhone = "UIInterfaceOrientationPortrait UIInterfaceOrientationLandscapeLeft UIInterfaceOrientationLandscapeRight";
				IPHONEOS_DEPLOYMENT_TARGET = 14.0;
				LD_RUNPATH_SEARCH_PATHS = (
					"$(inherited)",
					"@executable_path/Frameworks",
				);
				MARKETING_VERSION = 1.0;
				PRODUCT_BUNDLE_IDENTIFIER = klioop.EssentialApp;
				PRODUCT_NAME = "$(TARGET_NAME)";
				SWIFT_EMIT_LOC_STRINGS = YES;
				SWIFT_VERSION = 5.0;
				TARGETED_DEVICE_FAMILY = 1;
			};
			name = Release;
		};
		31F0E006280EF268007F0A5D /* Debug */ = {
			isa = XCBuildConfiguration;
			buildSettings = {
				ALWAYS_EMBED_SWIFT_STANDARD_LIBRARIES = YES;
				BUNDLE_LOADER = "$(TEST_HOST)";
				CLANG_ENABLE_MODULES = YES;
				CODE_SIGN_STYLE = Automatic;
				CURRENT_PROJECT_VERSION = 1;
				DEVELOPMENT_TEAM = 7DY6Z945T9;
				GENERATE_INFOPLIST_FILE = YES;
				IPHONEOS_DEPLOYMENT_TARGET = 14.0;
				LD_RUNPATH_SEARCH_PATHS = (
					"$(inherited)",
					"@executable_path/Frameworks",
					"@loader_path/Frameworks",
				);
				MARKETING_VERSION = 1.0;
				PRODUCT_BUNDLE_IDENTIFIER = klioop.EssentialAppTests;
				PRODUCT_NAME = "$(TARGET_NAME)";
				SWIFT_EMIT_LOC_STRINGS = NO;
				SWIFT_OPTIMIZATION_LEVEL = "-Onone";
				SWIFT_VERSION = 5.0;
				TARGETED_DEVICE_FAMILY = "1,2";
				TEST_HOST = "$(BUILT_PRODUCTS_DIR)/EssentialApp.app/EssentialApp";
			};
			name = Debug;
		};
		31F0E007280EF268007F0A5D /* Release */ = {
			isa = XCBuildConfiguration;
			buildSettings = {
				ALWAYS_EMBED_SWIFT_STANDARD_LIBRARIES = YES;
				BUNDLE_LOADER = "$(TEST_HOST)";
				CLANG_ENABLE_MODULES = YES;
				CODE_SIGN_STYLE = Automatic;
				CURRENT_PROJECT_VERSION = 1;
				DEVELOPMENT_TEAM = 7DY6Z945T9;
				GENERATE_INFOPLIST_FILE = YES;
				IPHONEOS_DEPLOYMENT_TARGET = 14.0;
				LD_RUNPATH_SEARCH_PATHS = (
					"$(inherited)",
					"@executable_path/Frameworks",
					"@loader_path/Frameworks",
				);
				MARKETING_VERSION = 1.0;
				PRODUCT_BUNDLE_IDENTIFIER = klioop.EssentialAppTests;
				PRODUCT_NAME = "$(TARGET_NAME)";
				SWIFT_EMIT_LOC_STRINGS = NO;
				SWIFT_VERSION = 5.0;
				TARGETED_DEVICE_FAMILY = "1,2";
				TEST_HOST = "$(BUILT_PRODUCTS_DIR)/EssentialApp.app/EssentialApp";
			};
			name = Release;
		};
/* End XCBuildConfiguration section */

/* Begin XCConfigurationList section */
		31F0DFD3280EF266007F0A5D /* Build configuration list for PBXProject "EssentialApp" */ = {
			isa = XCConfigurationList;
			buildConfigurations = (
				31F0E000280EF268007F0A5D /* Debug */,
				31F0E001280EF268007F0A5D /* Release */,
			);
			defaultConfigurationIsVisible = 0;
			defaultConfigurationName = Release;
		};
		31F0E002280EF268007F0A5D /* Build configuration list for PBXNativeTarget "EssentialApp" */ = {
			isa = XCConfigurationList;
			buildConfigurations = (
				31F0E003280EF268007F0A5D /* Debug */,
				31F0E004280EF268007F0A5D /* Release */,
			);
			defaultConfigurationIsVisible = 0;
			defaultConfigurationName = Release;
		};
		31F0E005280EF268007F0A5D /* Build configuration list for PBXNativeTarget "EssentialAppTests" */ = {
			isa = XCConfigurationList;
			buildConfigurations = (
				31F0E006280EF268007F0A5D /* Debug */,
				31F0E007280EF268007F0A5D /* Release */,
			);
			defaultConfigurationIsVisible = 0;
			defaultConfigurationName = Release;
		};
/* End XCConfigurationList section */
	};
	rootObject = 31F0DFD0280EF266007F0A5D /* Project object */;
}
