// !$*UTF8*$!
{
	archiveVersion = 1;
	classes = {
	};
	objectVersion = 55;
	objects = {

/* Begin PBXBuildFile section */
		31004AC027B238FB0017F6A1 /* NetworkModule.framework in Frameworks */ = {isa = PBXBuildFile; fileRef = 31004AB727B238FB0017F6A1 /* NetworkModule.framework */; };
		31004AC627B238FB0017F6A1 /* NetworkModule.h in Headers */ = {isa = PBXBuildFile; fileRef = 31004ABA27B238FB0017F6A1 /* NetworkModule.h */; settings = {ATTRIBUTES = (Public, ); }; };
		31004AD127B239130017F6A1 /* FeedLoader.swift in Sources */ = {isa = PBXBuildFile; fileRef = 31004AD027B239130017F6A1 /* FeedLoader.swift */; };
		31004AD327B239520017F6A1 /* FeedItem.swift in Sources */ = {isa = PBXBuildFile; fileRef = 31004AD227B239520017F6A1 /* FeedItem.swift */; };
		31004AD527B2397D0017F6A1 /* RemoteFeedLoaderTest.swift in Sources */ = {isa = PBXBuildFile; fileRef = 31004AD427B2397D0017F6A1 /* RemoteFeedLoaderTest.swift */; };
		31004AD827B24E8C0017F6A1 /* RemoteFeedLoader.swift in Sources */ = {isa = PBXBuildFile; fileRef = 31004AD727B24E8C0017F6A1 /* RemoteFeedLoader.swift */; };
		31004ADA27B542760017F6A1 /* HTTPClient.swift in Sources */ = {isa = PBXBuildFile; fileRef = 31004AD927B542760017F6A1 /* HTTPClient.swift */; };
		31004ADC27B542FA0017F6A1 /* FeedItemMapper.swift in Sources */ = {isa = PBXBuildFile; fileRef = 31004ADB27B542FA0017F6A1 /* FeedItemMapper.swift */; };
		313D1A7C27B7921900767A53 /* URLSessionHTTPClientTest.swift in Sources */ = {isa = PBXBuildFile; fileRef = 313D1A7B27B7921900767A53 /* URLSessionHTTPClientTest.swift */; };
		313D1A7F27B8CDAE00767A53 /* XCTestCase+Tracking.swift in Sources */ = {isa = PBXBuildFile; fileRef = 313D1A7E27B8CDAE00767A53 /* XCTestCase+Tracking.swift */; };
		313D1A8127B8F48B00767A53 /* URLSessionHTTPClient.swift in Sources */ = {isa = PBXBuildFile; fileRef = 313D1A8027B8F48B00767A53 /* URLSessionHTTPClient.swift */; };
		313D1A8927B9241100767A53 /* NetworkModuleEndToEndTests.swift in Sources */ = {isa = PBXBuildFile; fileRef = 313D1A8827B9241100767A53 /* NetworkModuleEndToEndTests.swift */; };
		313D1A8A27B9241100767A53 /* NetworkModule.framework in Frameworks */ = {isa = PBXBuildFile; fileRef = 31004AB727B238FB0017F6A1 /* NetworkModule.framework */; };
		313D1A9027B9251000767A53 /* XCTestCase+Tracking.swift in Sources */ = {isa = PBXBuildFile; fileRef = 313D1A7E27B8CDAE00767A53 /* XCTestCase+Tracking.swift */; };
		31CB193127CDE2C300EB1FD0 /* FeedStoreSpecs.swift in Sources */ = {isa = PBXBuildFile; fileRef = 31CB192F27CDE28000EB1FD0 /* FeedStoreSpecs.swift */; };
		31CB193327CDE3BC00EB1FD0 /* XCTestCase+FeedStoreSpecs.swift in Sources */ = {isa = PBXBuildFile; fileRef = 31CB193227CDE3BC00EB1FD0 /* XCTestCase+FeedStoreSpecs.swift */; };
		31CB193527CE2BEC00EB1FD0 /* CoreDataFeedStoreTests.swift in Sources */ = {isa = PBXBuildFile; fileRef = 31CB193427CE2BEB00EB1FD0 /* CoreDataFeedStoreTests.swift */; };
		31CB193727CE2D0A00EB1FD0 /* CoreDataFeedStore.swift in Sources */ = {isa = PBXBuildFile; fileRef = 31CB193627CE2D0A00EB1FD0 /* CoreDataFeedStore.swift */; };
		31CB193A27CE2E6D00EB1FD0 /* FeedStore.xcdatamodeld in Sources */ = {isa = PBXBuildFile; fileRef = 31CB193827CE2E6D00EB1FD0 /* FeedStore.xcdatamodeld */; };
		31E72C6327C136B600E9C758 /* CacheFeedUseCaseTests.swift in Sources */ = {isa = PBXBuildFile; fileRef = 31E72C6227C136B600E9C758 /* CacheFeedUseCaseTests.swift */; };
		31E72C6627C3AC4400E9C758 /* LocalFeedLoader.swift in Sources */ = {isa = PBXBuildFile; fileRef = 31E72C6527C3AC4400E9C758 /* LocalFeedLoader.swift */; };
		31E72C6827C3ACC600E9C758 /* FeedStore.swift in Sources */ = {isa = PBXBuildFile; fileRef = 31E72C6727C3ACC600E9C758 /* FeedStore.swift */; };
		31E72C6B27C3D96400E9C758 /* RemoteFeedItem.swift in Sources */ = {isa = PBXBuildFile; fileRef = 31E72C6A27C3D96400E9C758 /* RemoteFeedItem.swift */; };
		31E72C6D27C3D98C00E9C758 /* LocalFeedImage.swift in Sources */ = {isa = PBXBuildFile; fileRef = 31E72C6C27C3D98C00E9C758 /* LocalFeedImage.swift */; };
		31E72C6F27C50BAB00E9C758 /* LoadFeedFromCacheUseCaseTests.swift in Sources */ = {isa = PBXBuildFile; fileRef = 31E72C6E27C50BAB00E9C758 /* LoadFeedFromCacheUseCaseTests.swift */; };
		31E72C7227C50D7A00E9C758 /* FeedStoreSpy.swift in Sources */ = {isa = PBXBuildFile; fileRef = 31E72C7127C50D7A00E9C758 /* FeedStoreSpy.swift */; };
		31E72C7427C7A07900E9C758 /* ValidateFeedCacheUseCaseTests.swift in Sources */ = {isa = PBXBuildFile; fileRef = 31E72C7327C7A07900E9C758 /* ValidateFeedCacheUseCaseTests.swift */; };
		31E72C7627C7A6B600E9C758 /* FeedCacheTestHelpers.swift in Sources */ = {isa = PBXBuildFile; fileRef = 31E72C7527C7A6B600E9C758 /* FeedCacheTestHelpers.swift */; };
		31E72C7827C7A73800E9C758 /* SharedTestHelpers.swift in Sources */ = {isa = PBXBuildFile; fileRef = 31E72C7727C7A73800E9C758 /* SharedTestHelpers.swift */; };
		31E72C7A27C9180E00E9C758 /* FeedCachePolicy.swift in Sources */ = {isa = PBXBuildFile; fileRef = 31E72C7927C9180E00E9C758 /* FeedCachePolicy.swift */; };
		31E72C7C27CA49B000E9C758 /* CodableFeedStoreTests.swift in Sources */ = {isa = PBXBuildFile; fileRef = 31E72C7B27CA49B000E9C758 /* CodableFeedStoreTests.swift */; };
		31E72C7E27CCD29000E9C758 /* CodableFeedStore.swift in Sources */ = {isa = PBXBuildFile; fileRef = 31E72C7D27CCD29000E9C758 /* CodableFeedStore.swift */; };
/* End PBXBuildFile section */

/* Begin PBXContainerItemProxy section */
		31004AC127B238FB0017F6A1 /* PBXContainerItemProxy */ = {
			isa = PBXContainerItemProxy;
			containerPortal = 31004AAE27B238FB0017F6A1 /* Project object */;
			proxyType = 1;
			remoteGlobalIDString = 31004AB627B238FB0017F6A1;
			remoteInfo = NetworkModule;
		};
		313D1A8B27B9241100767A53 /* PBXContainerItemProxy */ = {
			isa = PBXContainerItemProxy;
			containerPortal = 31004AAE27B238FB0017F6A1 /* Project object */;
			proxyType = 1;
			remoteGlobalIDString = 31004AB627B238FB0017F6A1;
			remoteInfo = NetworkModule;
		};
/* End PBXContainerItemProxy section */

/* Begin PBXFileReference section */
		31004AB727B238FB0017F6A1 /* NetworkModule.framework */ = {isa = PBXFileReference; explicitFileType = wrapper.framework; includeInIndex = 0; path = NetworkModule.framework; sourceTree = BUILT_PRODUCTS_DIR; };
		31004ABA27B238FB0017F6A1 /* NetworkModule.h */ = {isa = PBXFileReference; lastKnownFileType = sourcecode.c.h; path = NetworkModule.h; sourceTree = "<group>"; };
		31004ABF27B238FB0017F6A1 /* NetworkModuleTests.xctest */ = {isa = PBXFileReference; explicitFileType = wrapper.cfbundle; includeInIndex = 0; path = NetworkModuleTests.xctest; sourceTree = BUILT_PRODUCTS_DIR; };
		31004AD027B239130017F6A1 /* FeedLoader.swift */ = {isa = PBXFileReference; lastKnownFileType = sourcecode.swift; path = FeedLoader.swift; sourceTree = "<group>"; };
		31004AD227B239520017F6A1 /* FeedItem.swift */ = {isa = PBXFileReference; lastKnownFileType = sourcecode.swift; path = FeedItem.swift; sourceTree = "<group>"; };
		31004AD427B2397D0017F6A1 /* RemoteFeedLoaderTest.swift */ = {isa = PBXFileReference; lastKnownFileType = sourcecode.swift; path = RemoteFeedLoaderTest.swift; sourceTree = "<group>"; };
		31004AD727B24E8C0017F6A1 /* RemoteFeedLoader.swift */ = {isa = PBXFileReference; lastKnownFileType = sourcecode.swift; path = RemoteFeedLoader.swift; sourceTree = "<group>"; };
		31004AD927B542760017F6A1 /* HTTPClient.swift */ = {isa = PBXFileReference; lastKnownFileType = sourcecode.swift; path = HTTPClient.swift; sourceTree = "<group>"; };
		31004ADB27B542FA0017F6A1 /* FeedItemMapper.swift */ = {isa = PBXFileReference; lastKnownFileType = sourcecode.swift; path = FeedItemMapper.swift; sourceTree = "<group>"; };
		313D1A7B27B7921900767A53 /* URLSessionHTTPClientTest.swift */ = {isa = PBXFileReference; lastKnownFileType = sourcecode.swift; path = URLSessionHTTPClientTest.swift; sourceTree = "<group>"; };
		313D1A7E27B8CDAE00767A53 /* XCTestCase+Tracking.swift */ = {isa = PBXFileReference; lastKnownFileType = sourcecode.swift; path = "XCTestCase+Tracking.swift"; sourceTree = "<group>"; };
		313D1A8027B8F48B00767A53 /* URLSessionHTTPClient.swift */ = {isa = PBXFileReference; lastKnownFileType = sourcecode.swift; path = URLSessionHTTPClient.swift; sourceTree = "<group>"; };
		313D1A8627B9241100767A53 /* NetworkModuleEndToEndTests.xctest */ = {isa = PBXFileReference; explicitFileType = wrapper.cfbundle; includeInIndex = 0; path = NetworkModuleEndToEndTests.xctest; sourceTree = BUILT_PRODUCTS_DIR; };
		313D1A8827B9241100767A53 /* NetworkModuleEndToEndTests.swift */ = {isa = PBXFileReference; lastKnownFileType = sourcecode.swift; path = NetworkModuleEndToEndTests.swift; sourceTree = "<group>"; };
		31CB192F27CDE28000EB1FD0 /* FeedStoreSpecs.swift */ = {isa = PBXFileReference; lastKnownFileType = sourcecode.swift; path = FeedStoreSpecs.swift; sourceTree = "<group>"; };
		31CB193227CDE3BC00EB1FD0 /* XCTestCase+FeedStoreSpecs.swift */ = {isa = PBXFileReference; lastKnownFileType = sourcecode.swift; path = "XCTestCase+FeedStoreSpecs.swift"; sourceTree = "<group>"; };
		31CB193427CE2BEB00EB1FD0 /* CoreDataFeedStoreTests.swift */ = {isa = PBXFileReference; lastKnownFileType = sourcecode.swift; path = CoreDataFeedStoreTests.swift; sourceTree = "<group>"; };
		31CB193627CE2D0A00EB1FD0 /* CoreDataFeedStore.swift */ = {isa = PBXFileReference; lastKnownFileType = sourcecode.swift; path = CoreDataFeedStore.swift; sourceTree = "<group>"; };
		31CB193927CE2E6D00EB1FD0 /* FeedStore.xcdatamodel */ = {isa = PBXFileReference; lastKnownFileType = wrapper.xcdatamodel; path = FeedStore.xcdatamodel; sourceTree = "<group>"; };
		31E72C6227C136B600E9C758 /* CacheFeedUseCaseTests.swift */ = {isa = PBXFileReference; lastKnownFileType = sourcecode.swift; path = CacheFeedUseCaseTests.swift; sourceTree = "<group>"; };
		31E72C6527C3AC4400E9C758 /* LocalFeedLoader.swift */ = {isa = PBXFileReference; lastKnownFileType = sourcecode.swift; path = LocalFeedLoader.swift; sourceTree = "<group>"; };
		31E72C6727C3ACC600E9C758 /* FeedStore.swift */ = {isa = PBXFileReference; lastKnownFileType = sourcecode.swift; path = FeedStore.swift; sourceTree = "<group>"; };
		31E72C6A27C3D96400E9C758 /* RemoteFeedItem.swift */ = {isa = PBXFileReference; lastKnownFileType = sourcecode.swift; path = RemoteFeedItem.swift; sourceTree = "<group>"; };
		31E72C6C27C3D98C00E9C758 /* LocalFeedImage.swift */ = {isa = PBXFileReference; lastKnownFileType = sourcecode.swift; path = LocalFeedImage.swift; sourceTree = "<group>"; };
		31E72C6E27C50BAB00E9C758 /* LoadFeedFromCacheUseCaseTests.swift */ = {isa = PBXFileReference; lastKnownFileType = sourcecode.swift; path = LoadFeedFromCacheUseCaseTests.swift; sourceTree = "<group>"; };
		31E72C7127C50D7A00E9C758 /* FeedStoreSpy.swift */ = {isa = PBXFileReference; lastKnownFileType = sourcecode.swift; path = FeedStoreSpy.swift; sourceTree = "<group>"; };
		31E72C7327C7A07900E9C758 /* ValidateFeedCacheUseCaseTests.swift */ = {isa = PBXFileReference; lastKnownFileType = sourcecode.swift; path = ValidateFeedCacheUseCaseTests.swift; sourceTree = "<group>"; };
		31E72C7527C7A6B600E9C758 /* FeedCacheTestHelpers.swift */ = {isa = PBXFileReference; lastKnownFileType = sourcecode.swift; path = FeedCacheTestHelpers.swift; sourceTree = "<group>"; };
		31E72C7727C7A73800E9C758 /* SharedTestHelpers.swift */ = {isa = PBXFileReference; lastKnownFileType = sourcecode.swift; path = SharedTestHelpers.swift; sourceTree = "<group>"; };
		31E72C7927C9180E00E9C758 /* FeedCachePolicy.swift */ = {isa = PBXFileReference; lastKnownFileType = sourcecode.swift; path = FeedCachePolicy.swift; sourceTree = "<group>"; };
		31E72C7B27CA49B000E9C758 /* CodableFeedStoreTests.swift */ = {isa = PBXFileReference; lastKnownFileType = sourcecode.swift; path = CodableFeedStoreTests.swift; sourceTree = "<group>"; };
		31E72C7D27CCD29000E9C758 /* CodableFeedStore.swift */ = {isa = PBXFileReference; lastKnownFileType = sourcecode.swift; path = CodableFeedStore.swift; sourceTree = "<group>"; };
/* End PBXFileReference section */

/* Begin PBXFrameworksBuildPhase section */
		31004AB427B238FB0017F6A1 /* Frameworks */ = {
			isa = PBXFrameworksBuildPhase;
			buildActionMask = 2147483647;
			files = (
			);
			runOnlyForDeploymentPostprocessing = 0;
		};
		31004ABC27B238FB0017F6A1 /* Frameworks */ = {
			isa = PBXFrameworksBuildPhase;
			buildActionMask = 2147483647;
			files = (
				31004AC027B238FB0017F6A1 /* NetworkModule.framework in Frameworks */,
			);
			runOnlyForDeploymentPostprocessing = 0;
		};
		313D1A8327B9241100767A53 /* Frameworks */ = {
			isa = PBXFrameworksBuildPhase;
			buildActionMask = 2147483647;
			files = (
				313D1A8A27B9241100767A53 /* NetworkModule.framework in Frameworks */,
			);
			runOnlyForDeploymentPostprocessing = 0;
		};
/* End PBXFrameworksBuildPhase section */

/* Begin PBXGroup section */
		31004AAD27B238FB0017F6A1 = {
			isa = PBXGroup;
			children = (
				31004AB927B238FB0017F6A1 /* NetworkModule */,
				31004AC327B238FB0017F6A1 /* NetworkModuleTests */,
				313D1A8727B9241100767A53 /* NetworkModuleEndToEndTests */,
				31004AB827B238FB0017F6A1 /* Products */,
			);
			sourceTree = "<group>";
		};
		31004AB827B238FB0017F6A1 /* Products */ = {
			isa = PBXGroup;
			children = (
				31004AB727B238FB0017F6A1 /* NetworkModule.framework */,
				31004ABF27B238FB0017F6A1 /* NetworkModuleTests.xctest */,
				313D1A8627B9241100767A53 /* NetworkModuleEndToEndTests.xctest */,
			);
			name = Products;
			sourceTree = "<group>";
		};
		31004AB927B238FB0017F6A1 /* NetworkModule */ = {
			isa = PBXGroup;
			children = (
				31E72C6427C3AC3400E9C758 /* Feed Cache */,
				31004AD627B24E810017F6A1 /* Feed API */,
				31004ACF27B239090017F6A1 /* Feed Feature */,
				31004ABA27B238FB0017F6A1 /* NetworkModule.h */,
			);
			path = NetworkModule;
			sourceTree = "<group>";
		};
		31004AC327B238FB0017F6A1 /* NetworkModuleTests */ = {
			isa = PBXGroup;
			children = (
				313D1A7D27B8CD9A00767A53 /* Helpers */,
				31E72C6127C1362800E9C758 /* Feed Cache */,
				31004ADD27B551CB0017F6A1 /* Feed API */,
			);
			path = NetworkModuleTests;
			sourceTree = "<group>";
		};
		31004ACF27B239090017F6A1 /* Feed Feature */ = {
			isa = PBXGroup;
			children = (
				31004AD027B239130017F6A1 /* FeedLoader.swift */,
				31004AD227B239520017F6A1 /* FeedItem.swift */,
			);
			path = "Feed Feature";
			sourceTree = "<group>";
		};
		31004AD627B24E810017F6A1 /* Feed API */ = {
			isa = PBXGroup;
			children = (
				31004AD727B24E8C0017F6A1 /* RemoteFeedLoader.swift */,
				31004AD927B542760017F6A1 /* HTTPClient.swift */,
				31004ADB27B542FA0017F6A1 /* FeedItemMapper.swift */,
				313D1A8027B8F48B00767A53 /* URLSessionHTTPClient.swift */,
				31E72C6A27C3D96400E9C758 /* RemoteFeedItem.swift */,
			);
			path = "Feed API";
			sourceTree = "<group>";
		};
		31004ADD27B551CB0017F6A1 /* Feed API */ = {
			isa = PBXGroup;
			children = (
				31004AD427B2397D0017F6A1 /* RemoteFeedLoaderTest.swift */,
				313D1A7B27B7921900767A53 /* URLSessionHTTPClientTest.swift */,
			);
			path = "Feed API";
			sourceTree = "<group>";
		};
		313D1A7D27B8CD9A00767A53 /* Helpers */ = {
			isa = PBXGroup;
			children = (
				313D1A7E27B8CDAE00767A53 /* XCTestCase+Tracking.swift */,
				31E72C7727C7A73800E9C758 /* SharedTestHelpers.swift */,
			);
			path = Helpers;
			sourceTree = "<group>";
		};
		313D1A8727B9241100767A53 /* NetworkModuleEndToEndTests */ = {
			isa = PBXGroup;
			children = (
				313D1A8827B9241100767A53 /* NetworkModuleEndToEndTests.swift */,
			);
			path = NetworkModuleEndToEndTests;
			sourceTree = "<group>";
		};
		31CB193B27D38B3C00EB1FD0 /* InfraStructure */ = {
			isa = PBXGroup;
			children = (
				31CB193D27D38BA300EB1FD0 /* Codable */,
				31CB193C27D38B9500EB1FD0 /* CoreDate */,
			);
			path = InfraStructure;
			sourceTree = "<group>";
		};
		31CB193C27D38B9500EB1FD0 /* CoreDate */ = {
			isa = PBXGroup;
			children = (
				31CB193627CE2D0A00EB1FD0 /* CoreDataFeedStore.swift */,
				31CB193827CE2E6D00EB1FD0 /* FeedStore.xcdatamodeld */,
			);
			path = CoreDate;
			sourceTree = "<group>";
		};
		31CB193D27D38BA300EB1FD0 /* Codable */ = {
			isa = PBXGroup;
			children = (
				31E72C7D27CCD29000E9C758 /* CodableFeedStore.swift */,
			);
			path = Codable;
			sourceTree = "<group>";
		};
		31E72C6127C1362800E9C758 /* Feed Cache */ = {
			isa = PBXGroup;
			children = (
				31E72C7027C50D5800E9C758 /* Helpers */,
				31CB192F27CDE28000EB1FD0 /* FeedStoreSpecs.swift */,
				31E72C6227C136B600E9C758 /* CacheFeedUseCaseTests.swift */,
				31E72C6E27C50BAB00E9C758 /* LoadFeedFromCacheUseCaseTests.swift */,
				31E72C7327C7A07900E9C758 /* ValidateFeedCacheUseCaseTests.swift */,
				31E72C7B27CA49B000E9C758 /* CodableFeedStoreTests.swift */,
				31CB193227CDE3BC00EB1FD0 /* XCTestCase+FeedStoreSpecs.swift */,
				31CB193427CE2BEB00EB1FD0 /* CoreDataFeedStoreTests.swift */,
			);
			path = "Feed Cache";
			sourceTree = "<group>";
		};
		31E72C6427C3AC3400E9C758 /* Feed Cache */ = {
			isa = PBXGroup;
			children = (
				31CB193B27D38B3C00EB1FD0 /* InfraStructure */,
				31E72C6527C3AC4400E9C758 /* LocalFeedLoader.swift */,
				31E72C6727C3ACC600E9C758 /* FeedStore.swift */,
				31E72C6C27C3D98C00E9C758 /* LocalFeedImage.swift */,
				31E72C7927C9180E00E9C758 /* FeedCachePolicy.swift */,
			);
			path = "Feed Cache";
			sourceTree = "<group>";
		};
		31E72C7027C50D5800E9C758 /* Helpers */ = {
			isa = PBXGroup;
			children = (
				31E72C7127C50D7A00E9C758 /* FeedStoreSpy.swift */,
				31E72C7527C7A6B600E9C758 /* FeedCacheTestHelpers.swift */,
			);
			path = Helpers;
			sourceTree = "<group>";
		};
/* End PBXGroup section */

/* Begin PBXHeadersBuildPhase section */
		31004AB227B238FB0017F6A1 /* Headers */ = {
			isa = PBXHeadersBuildPhase;
			buildActionMask = 2147483647;
			files = (
				31004AC627B238FB0017F6A1 /* NetworkModule.h in Headers */,
			);
			runOnlyForDeploymentPostprocessing = 0;
		};
/* End PBXHeadersBuildPhase section */

/* Begin PBXNativeTarget section */
		31004AB627B238FB0017F6A1 /* NetworkModule */ = {
			isa = PBXNativeTarget;
			buildConfigurationList = 31004AC927B238FB0017F6A1 /* Build configuration list for PBXNativeTarget "NetworkModule" */;
			buildPhases = (
				31004AB227B238FB0017F6A1 /* Headers */,
				31004AB327B238FB0017F6A1 /* Sources */,
				31004AB427B238FB0017F6A1 /* Frameworks */,
				31004AB527B238FB0017F6A1 /* Resources */,
			);
			buildRules = (
			);
			dependencies = (
			);
			name = NetworkModule;
			productName = NetworkModule;
			productReference = 31004AB727B238FB0017F6A1 /* NetworkModule.framework */;
			productType = "com.apple.product-type.framework";
		};
		31004ABE27B238FB0017F6A1 /* NetworkModuleTests */ = {
			isa = PBXNativeTarget;
			buildConfigurationList = 31004ACC27B238FB0017F6A1 /* Build configuration list for PBXNativeTarget "NetworkModuleTests" */;
			buildPhases = (
				31004ABB27B238FB0017F6A1 /* Sources */,
				31004ABC27B238FB0017F6A1 /* Frameworks */,
				31004ABD27B238FB0017F6A1 /* Resources */,
			);
			buildRules = (
			);
			dependencies = (
				31004AC227B238FB0017F6A1 /* PBXTargetDependency */,
			);
			name = NetworkModuleTests;
			productName = NetworkModuleTests;
			productReference = 31004ABF27B238FB0017F6A1 /* NetworkModuleTests.xctest */;
			productType = "com.apple.product-type.bundle.unit-test";
		};
		313D1A8527B9241100767A53 /* NetworkModuleEndToEndTests */ = {
			isa = PBXNativeTarget;
			buildConfigurationList = 313D1A8D27B9241100767A53 /* Build configuration list for PBXNativeTarget "NetworkModuleEndToEndTests" */;
			buildPhases = (
				313D1A8227B9241100767A53 /* Sources */,
				313D1A8327B9241100767A53 /* Frameworks */,
				313D1A8427B9241100767A53 /* Resources */,
			);
			buildRules = (
			);
			dependencies = (
				313D1A8C27B9241100767A53 /* PBXTargetDependency */,
			);
			name = NetworkModuleEndToEndTests;
			productName = NetworkModuleEndToEndTests;
			productReference = 313D1A8627B9241100767A53 /* NetworkModuleEndToEndTests.xctest */;
			productType = "com.apple.product-type.bundle.unit-test";
		};
/* End PBXNativeTarget section */

/* Begin PBXProject section */
		31004AAE27B238FB0017F6A1 /* Project object */ = {
			isa = PBXProject;
			attributes = {
				BuildIndependentTargetsInParallel = 1;
				LastSwiftUpdateCheck = 1320;
				LastUpgradeCheck = 1320;
				TargetAttributes = {
					31004AB627B238FB0017F6A1 = {
						CreatedOnToolsVersion = 13.2;
						LastSwiftMigration = 1320;
					};
					31004ABE27B238FB0017F6A1 = {
						CreatedOnToolsVersion = 13.2;
						LastSwiftMigration = 1320;
					};
					313D1A8527B9241100767A53 = {
						CreatedOnToolsVersion = 13.2;
					};
				};
			};
			buildConfigurationList = 31004AB127B238FB0017F6A1 /* Build configuration list for PBXProject "NetworkModule" */;
			compatibilityVersion = "Xcode 13.0";
			developmentRegion = en;
			hasScannedForEncodings = 0;
			knownRegions = (
				en,
				Base,
			);
			mainGroup = 31004AAD27B238FB0017F6A1;
			productRefGroup = 31004AB827B238FB0017F6A1 /* Products */;
			projectDirPath = "";
			projectRoot = "";
			targets = (
				31004AB627B238FB0017F6A1 /* NetworkModule */,
				31004ABE27B238FB0017F6A1 /* NetworkModuleTests */,
				313D1A8527B9241100767A53 /* NetworkModuleEndToEndTests */,
			);
		};
/* End PBXProject section */

/* Begin PBXResourcesBuildPhase section */
		31004AB527B238FB0017F6A1 /* Resources */ = {
			isa = PBXResourcesBuildPhase;
			buildActionMask = 2147483647;
			files = (
			);
			runOnlyForDeploymentPostprocessing = 0;
		};
		31004ABD27B238FB0017F6A1 /* Resources */ = {
			isa = PBXResourcesBuildPhase;
			buildActionMask = 2147483647;
			files = (
			);
			runOnlyForDeploymentPostprocessing = 0;
		};
		313D1A8427B9241100767A53 /* Resources */ = {
			isa = PBXResourcesBuildPhase;
			buildActionMask = 2147483647;
			files = (
			);
			runOnlyForDeploymentPostprocessing = 0;
		};
/* End PBXResourcesBuildPhase section */

/* Begin PBXSourcesBuildPhase section */
		31004AB327B238FB0017F6A1 /* Sources */ = {
			isa = PBXSourcesBuildPhase;
			buildActionMask = 2147483647;
			files = (
				31004AD327B239520017F6A1 /* FeedItem.swift in Sources */,
				31004ADC27B542FA0017F6A1 /* FeedItemMapper.swift in Sources */,
				31E72C6B27C3D96400E9C758 /* RemoteFeedItem.swift in Sources */,
				31E72C7A27C9180E00E9C758 /* FeedCachePolicy.swift in Sources */,
				31004AD827B24E8C0017F6A1 /* RemoteFeedLoader.swift in Sources */,
				31CB193A27CE2E6D00EB1FD0 /* FeedStore.xcdatamodeld in Sources */,
				31E72C6D27C3D98C00E9C758 /* LocalFeedImage.swift in Sources */,
				31E72C6827C3ACC600E9C758 /* FeedStore.swift in Sources */,
				31E72C6627C3AC4400E9C758 /* LocalFeedLoader.swift in Sources */,
				31E72C7E27CCD29000E9C758 /* CodableFeedStore.swift in Sources */,
				31004ADA27B542760017F6A1 /* HTTPClient.swift in Sources */,
				31004AD127B239130017F6A1 /* FeedLoader.swift in Sources */,
				313D1A8127B8F48B00767A53 /* URLSessionHTTPClient.swift in Sources */,
				31CB193727CE2D0A00EB1FD0 /* CoreDataFeedStore.swift in Sources */,
			);
			runOnlyForDeploymentPostprocessing = 0;
		};
		31004ABB27B238FB0017F6A1 /* Sources */ = {
			isa = PBXSourcesBuildPhase;
			buildActionMask = 2147483647;
			files = (
				31E72C7C27CA49B000E9C758 /* CodableFeedStoreTests.swift in Sources */,
				31CB193527CE2BEC00EB1FD0 /* CoreDataFeedStoreTests.swift in Sources */,
				31E72C7427C7A07900E9C758 /* ValidateFeedCacheUseCaseTests.swift in Sources */,
				313D1A7F27B8CDAE00767A53 /* XCTestCase+Tracking.swift in Sources */,
				31004AD527B2397D0017F6A1 /* RemoteFeedLoaderTest.swift in Sources */,
				31E72C7227C50D7A00E9C758 /* FeedStoreSpy.swift in Sources */,
				31E72C7627C7A6B600E9C758 /* FeedCacheTestHelpers.swift in Sources */,
				31E72C7827C7A73800E9C758 /* SharedTestHelpers.swift in Sources */,
				31E72C6327C136B600E9C758 /* CacheFeedUseCaseTests.swift in Sources */,
				31E72C6F27C50BAB00E9C758 /* LoadFeedFromCacheUseCaseTests.swift in Sources */,
				31CB193127CDE2C300EB1FD0 /* FeedStoreSpecs.swift in Sources */,
				313D1A7C27B7921900767A53 /* URLSessionHTTPClientTest.swift in Sources */,
				31CB193327CDE3BC00EB1FD0 /* XCTestCase+FeedStoreSpecs.swift in Sources */,
			);
			runOnlyForDeploymentPostprocessing = 0;
		};
		313D1A8227B9241100767A53 /* Sources */ = {
			isa = PBXSourcesBuildPhase;
			buildActionMask = 2147483647;
			files = (
				313D1A8927B9241100767A53 /* NetworkModuleEndToEndTests.swift in Sources */,
				313D1A9027B9251000767A53 /* XCTestCase+Tracking.swift in Sources */,
			);
			runOnlyForDeploymentPostprocessing = 0;
		};
/* End PBXSourcesBuildPhase section */

/* Begin PBXTargetDependency section */
		31004AC227B238FB0017F6A1 /* PBXTargetDependency */ = {
			isa = PBXTargetDependency;
			target = 31004AB627B238FB0017F6A1 /* NetworkModule */;
			targetProxy = 31004AC127B238FB0017F6A1 /* PBXContainerItemProxy */;
		};
		313D1A8C27B9241100767A53 /* PBXTargetDependency */ = {
			isa = PBXTargetDependency;
			target = 31004AB627B238FB0017F6A1 /* NetworkModule */;
			targetProxy = 313D1A8B27B9241100767A53 /* PBXContainerItemProxy */;
		};
/* End PBXTargetDependency section */

/* Begin XCBuildConfiguration section */
		31004AC727B238FB0017F6A1 /* Debug */ = {
			isa = XCBuildConfiguration;
			buildSettings = {
				ALWAYS_SEARCH_USER_PATHS = NO;
				CLANG_ANALYZER_NONNULL = YES;
				CLANG_ANALYZER_NUMBER_OBJECT_CONVERSION = YES_AGGRESSIVE;
				CLANG_CXX_LANGUAGE_STANDARD = "gnu++17";
				CLANG_CXX_LIBRARY = "libc++";
				CLANG_ENABLE_MODULES = YES;
				CLANG_ENABLE_OBJC_ARC = YES;
				CLANG_ENABLE_OBJC_WEAK = YES;
				CLANG_WARN_BLOCK_CAPTURE_AUTORELEASING = YES;
				CLANG_WARN_BOOL_CONVERSION = YES;
				CLANG_WARN_COMMA = YES;
				CLANG_WARN_CONSTANT_CONVERSION = YES;
				CLANG_WARN_DEPRECATED_OBJC_IMPLEMENTATIONS = YES;
				CLANG_WARN_DIRECT_OBJC_ISA_USAGE = YES_ERROR;
				CLANG_WARN_DOCUMENTATION_COMMENTS = YES;
				CLANG_WARN_EMPTY_BODY = YES;
				CLANG_WARN_ENUM_CONVERSION = YES;
				CLANG_WARN_INFINITE_RECURSION = YES;
				CLANG_WARN_INT_CONVERSION = YES;
				CLANG_WARN_NON_LITERAL_NULL_CONVERSION = YES;
				CLANG_WARN_OBJC_IMPLICIT_RETAIN_SELF = YES;
				CLANG_WARN_OBJC_LITERAL_CONVERSION = YES;
				CLANG_WARN_OBJC_ROOT_CLASS = YES_ERROR;
				CLANG_WARN_QUOTED_INCLUDE_IN_FRAMEWORK_HEADER = YES;
				CLANG_WARN_RANGE_LOOP_ANALYSIS = YES;
				CLANG_WARN_STRICT_PROTOTYPES = YES;
				CLANG_WARN_SUSPICIOUS_MOVE = YES;
				CLANG_WARN_UNGUARDED_AVAILABILITY = YES_AGGRESSIVE;
				CLANG_WARN_UNREACHABLE_CODE = YES;
				CLANG_WARN__DUPLICATE_METHOD_MATCH = YES;
				COPY_PHASE_STRIP = NO;
				CURRENT_PROJECT_VERSION = 1;
				DEBUG_INFORMATION_FORMAT = dwarf;
				ENABLE_STRICT_OBJC_MSGSEND = YES;
				ENABLE_TESTABILITY = YES;
				GCC_C_LANGUAGE_STANDARD = gnu11;
				GCC_DYNAMIC_NO_PIC = NO;
				GCC_NO_COMMON_BLOCKS = YES;
				GCC_OPTIMIZATION_LEVEL = 0;
				GCC_PREPROCESSOR_DEFINITIONS = (
					"DEBUG=1",
					"$(inherited)",
				);
				GCC_WARN_64_TO_32_BIT_CONVERSION = YES;
				GCC_WARN_ABOUT_RETURN_TYPE = YES_ERROR;
				GCC_WARN_UNDECLARED_SELECTOR = YES;
				GCC_WARN_UNINITIALIZED_AUTOS = YES_AGGRESSIVE;
				GCC_WARN_UNUSED_FUNCTION = YES;
				GCC_WARN_UNUSED_VARIABLE = YES;
				MACOSX_DEPLOYMENT_TARGET = 12.1;
				MTL_ENABLE_DEBUG_INFO = INCLUDE_SOURCE;
				MTL_FAST_MATH = YES;
				ONLY_ACTIVE_ARCH = YES;
				SDKROOT = macosx;
				SWIFT_ACTIVE_COMPILATION_CONDITIONS = DEBUG;
				SWIFT_OPTIMIZATION_LEVEL = "-Onone";
				VERSIONING_SYSTEM = "apple-generic";
				VERSION_INFO_PREFIX = "";
			};
			name = Debug;
		};
		31004AC827B238FB0017F6A1 /* Release */ = {
			isa = XCBuildConfiguration;
			buildSettings = {
				ALWAYS_SEARCH_USER_PATHS = NO;
				CLANG_ANALYZER_NONNULL = YES;
				CLANG_ANALYZER_NUMBER_OBJECT_CONVERSION = YES_AGGRESSIVE;
				CLANG_CXX_LANGUAGE_STANDARD = "gnu++17";
				CLANG_CXX_LIBRARY = "libc++";
				CLANG_ENABLE_MODULES = YES;
				CLANG_ENABLE_OBJC_ARC = YES;
				CLANG_ENABLE_OBJC_WEAK = YES;
				CLANG_WARN_BLOCK_CAPTURE_AUTORELEASING = YES;
				CLANG_WARN_BOOL_CONVERSION = YES;
				CLANG_WARN_COMMA = YES;
				CLANG_WARN_CONSTANT_CONVERSION = YES;
				CLANG_WARN_DEPRECATED_OBJC_IMPLEMENTATIONS = YES;
				CLANG_WARN_DIRECT_OBJC_ISA_USAGE = YES_ERROR;
				CLANG_WARN_DOCUMENTATION_COMMENTS = YES;
				CLANG_WARN_EMPTY_BODY = YES;
				CLANG_WARN_ENUM_CONVERSION = YES;
				CLANG_WARN_INFINITE_RECURSION = YES;
				CLANG_WARN_INT_CONVERSION = YES;
				CLANG_WARN_NON_LITERAL_NULL_CONVERSION = YES;
				CLANG_WARN_OBJC_IMPLICIT_RETAIN_SELF = YES;
				CLANG_WARN_OBJC_LITERAL_CONVERSION = YES;
				CLANG_WARN_OBJC_ROOT_CLASS = YES_ERROR;
				CLANG_WARN_QUOTED_INCLUDE_IN_FRAMEWORK_HEADER = YES;
				CLANG_WARN_RANGE_LOOP_ANALYSIS = YES;
				CLANG_WARN_STRICT_PROTOTYPES = YES;
				CLANG_WARN_SUSPICIOUS_MOVE = YES;
				CLANG_WARN_UNGUARDED_AVAILABILITY = YES_AGGRESSIVE;
				CLANG_WARN_UNREACHABLE_CODE = YES;
				CLANG_WARN__DUPLICATE_METHOD_MATCH = YES;
				COPY_PHASE_STRIP = NO;
				CURRENT_PROJECT_VERSION = 1;
				DEBUG_INFORMATION_FORMAT = "dwarf-with-dsym";
				ENABLE_NS_ASSERTIONS = NO;
				ENABLE_STRICT_OBJC_MSGSEND = YES;
				GCC_C_LANGUAGE_STANDARD = gnu11;
				GCC_NO_COMMON_BLOCKS = YES;
				GCC_WARN_64_TO_32_BIT_CONVERSION = YES;
				GCC_WARN_ABOUT_RETURN_TYPE = YES_ERROR;
				GCC_WARN_UNDECLARED_SELECTOR = YES;
				GCC_WARN_UNINITIALIZED_AUTOS = YES_AGGRESSIVE;
				GCC_WARN_UNUSED_FUNCTION = YES;
				GCC_WARN_UNUSED_VARIABLE = YES;
				MACOSX_DEPLOYMENT_TARGET = 12.1;
				MTL_ENABLE_DEBUG_INFO = NO;
				MTL_FAST_MATH = YES;
				SDKROOT = macosx;
				SWIFT_COMPILATION_MODE = wholemodule;
				SWIFT_OPTIMIZATION_LEVEL = "-O";
				VERSIONING_SYSTEM = "apple-generic";
				VERSION_INFO_PREFIX = "";
			};
			name = Release;
		};
		31004ACA27B238FB0017F6A1 /* Debug */ = {
			isa = XCBuildConfiguration;
			buildSettings = {
				CLANG_ENABLE_MODULES = YES;
				CODE_SIGN_STYLE = Automatic;
				COMBINE_HIDPI_IMAGES = YES;
				CURRENT_PROJECT_VERSION = 1;
				DEFINES_MODULE = YES;
				DEVELOPMENT_TEAM = 7DY6Z945T9;
				DYLIB_COMPATIBILITY_VERSION = 1;
				DYLIB_CURRENT_VERSION = 1;
				DYLIB_INSTALL_NAME_BASE = "@rpath";
				GENERATE_INFOPLIST_FILE = YES;
				INFOPLIST_KEY_NSHumanReadableCopyright = "";
				INSTALL_PATH = "$(LOCAL_LIBRARY_DIR)/Frameworks";
				LD_RUNPATH_SEARCH_PATHS = (
					"$(inherited)",
					"@executable_path/../Frameworks",
					"@loader_path/Frameworks",
				);
				MARKETING_VERSION = 1.0;
				PRODUCT_BUNDLE_IDENTIFIER = klioop.NetworkModule;
				PRODUCT_NAME = "$(TARGET_NAME:c99extidentifier)";
				SKIP_INSTALL = YES;
				SWIFT_EMIT_LOC_STRINGS = YES;
				SWIFT_OPTIMIZATION_LEVEL = "-Onone";
				SWIFT_VERSION = 5.0;
			};
			name = Debug;
		};
		31004ACB27B238FB0017F6A1 /* Release */ = {
			isa = XCBuildConfiguration;
			buildSettings = {
				CLANG_ENABLE_MODULES = YES;
				CODE_SIGN_STYLE = Automatic;
				COMBINE_HIDPI_IMAGES = YES;
				CURRENT_PROJECT_VERSION = 1;
				DEFINES_MODULE = YES;
				DEVELOPMENT_TEAM = 7DY6Z945T9;
				DYLIB_COMPATIBILITY_VERSION = 1;
				DYLIB_CURRENT_VERSION = 1;
				DYLIB_INSTALL_NAME_BASE = "@rpath";
				GENERATE_INFOPLIST_FILE = YES;
				INFOPLIST_KEY_NSHumanReadableCopyright = "";
				INSTALL_PATH = "$(LOCAL_LIBRARY_DIR)/Frameworks";
				LD_RUNPATH_SEARCH_PATHS = (
					"$(inherited)",
					"@executable_path/../Frameworks",
					"@loader_path/Frameworks",
				);
				MARKETING_VERSION = 1.0;
				PRODUCT_BUNDLE_IDENTIFIER = klioop.NetworkModule;
				PRODUCT_NAME = "$(TARGET_NAME:c99extidentifier)";
				SKIP_INSTALL = YES;
				SWIFT_EMIT_LOC_STRINGS = YES;
				SWIFT_VERSION = 5.0;
			};
			name = Release;
		};
		31004ACD27B238FB0017F6A1 /* Debug */ = {
			isa = XCBuildConfiguration;
			buildSettings = {
				ALWAYS_EMBED_SWIFT_STANDARD_LIBRARIES = YES;
				CLANG_ENABLE_MODULES = YES;
				CODE_SIGN_STYLE = Automatic;
				CURRENT_PROJECT_VERSION = 1;
				DEVELOPMENT_TEAM = 7DY6Z945T9;
				GENERATE_INFOPLIST_FILE = YES;
				LD_RUNPATH_SEARCH_PATHS = (
					"$(inherited)",
					"@executable_path/../Frameworks",
					"@loader_path/../Frameworks",
				);
				MARKETING_VERSION = 1.0;
				PRODUCT_BUNDLE_IDENTIFIER = klioop.NetworkModuleTests;
				PRODUCT_NAME = "$(TARGET_NAME)";
				SWIFT_EMIT_LOC_STRINGS = NO;
				SWIFT_OPTIMIZATION_LEVEL = "-Onone";
				SWIFT_VERSION = 5.0;
			};
			name = Debug;
		};
		31004ACE27B238FB0017F6A1 /* Release */ = {
			isa = XCBuildConfiguration;
			buildSettings = {
				ALWAYS_EMBED_SWIFT_STANDARD_LIBRARIES = YES;
				CLANG_ENABLE_MODULES = YES;
				CODE_SIGN_STYLE = Automatic;
				CURRENT_PROJECT_VERSION = 1;
				DEVELOPMENT_TEAM = 7DY6Z945T9;
				GENERATE_INFOPLIST_FILE = YES;
				LD_RUNPATH_SEARCH_PATHS = (
					"$(inherited)",
					"@executable_path/../Frameworks",
					"@loader_path/../Frameworks",
				);
				MARKETING_VERSION = 1.0;
				PRODUCT_BUNDLE_IDENTIFIER = klioop.NetworkModuleTests;
				PRODUCT_NAME = "$(TARGET_NAME)";
				SWIFT_EMIT_LOC_STRINGS = NO;
				SWIFT_VERSION = 5.0;
			};
			name = Release;
		};
		313D1A8E27B9241100767A53 /* Debug */ = {
			isa = XCBuildConfiguration;
			buildSettings = {
				CODE_SIGN_STYLE = Automatic;
				CURRENT_PROJECT_VERSION = 1;
				DEVELOPMENT_TEAM = 7DY6Z945T9;
				GENERATE_INFOPLIST_FILE = YES;
				MARKETING_VERSION = 1.0;
				PRODUCT_BUNDLE_IDENTIFIER = klioop.NetworkModuleEndToEndTests;
				PRODUCT_NAME = "$(TARGET_NAME)";
				SWIFT_EMIT_LOC_STRINGS = NO;
				SWIFT_VERSION = 5.0;
			};
			name = Debug;
		};
		313D1A8F27B9241100767A53 /* Release */ = {
			isa = XCBuildConfiguration;
			buildSettings = {
				CODE_SIGN_STYLE = Automatic;
				CURRENT_PROJECT_VERSION = 1;
				DEVELOPMENT_TEAM = 7DY6Z945T9;
				GENERATE_INFOPLIST_FILE = YES;
				MARKETING_VERSION = 1.0;
				PRODUCT_BUNDLE_IDENTIFIER = klioop.NetworkModuleEndToEndTests;
				PRODUCT_NAME = "$(TARGET_NAME)";
				SWIFT_EMIT_LOC_STRINGS = NO;
				SWIFT_VERSION = 5.0;
			};
			name = Release;
		};
/* End XCBuildConfiguration section */

/* Begin XCConfigurationList section */
		31004AB127B238FB0017F6A1 /* Build configuration list for PBXProject "NetworkModule" */ = {
			isa = XCConfigurationList;
			buildConfigurations = (
				31004AC727B238FB0017F6A1 /* Debug */,
				31004AC827B238FB0017F6A1 /* Release */,
			);
			defaultConfigurationIsVisible = 0;
			defaultConfigurationName = Release;
		};
		31004AC927B238FB0017F6A1 /* Build configuration list for PBXNativeTarget "NetworkModule" */ = {
			isa = XCConfigurationList;
			buildConfigurations = (
				31004ACA27B238FB0017F6A1 /* Debug */,
				31004ACB27B238FB0017F6A1 /* Release */,
			);
			defaultConfigurationIsVisible = 0;
			defaultConfigurationName = Release;
		};
		31004ACC27B238FB0017F6A1 /* Build configuration list for PBXNativeTarget "NetworkModuleTests" */ = {
			isa = XCConfigurationList;
			buildConfigurations = (
				31004ACD27B238FB0017F6A1 /* Debug */,
				31004ACE27B238FB0017F6A1 /* Release */,
			);
			defaultConfigurationIsVisible = 0;
			defaultConfigurationName = Release;
		};
		313D1A8D27B9241100767A53 /* Build configuration list for PBXNativeTarget "NetworkModuleEndToEndTests" */ = {
			isa = XCConfigurationList;
			buildConfigurations = (
				313D1A8E27B9241100767A53 /* Debug */,
				313D1A8F27B9241100767A53 /* Release */,
			);
			defaultConfigurationIsVisible = 0;
			defaultConfigurationName = Release;
		};
/* End XCConfigurationList section */

/* Begin XCVersionGroup section */
		31CB193827CE2E6D00EB1FD0 /* FeedStore.xcdatamodeld */ = {
			isa = XCVersionGroup;
			children = (
				31CB193927CE2E6D00EB1FD0 /* FeedStore.xcdatamodel */,
			);
			currentVersion = 31CB193927CE2E6D00EB1FD0 /* FeedStore.xcdatamodel */;
			path = FeedStore.xcdatamodeld;
			sourceTree = "<group>";
			versionGroupType = wrapper.xcdatamodel;
		};
/* End XCVersionGroup section */
	};
	rootObject = 31004AAE27B238FB0017F6A1 /* Project object */;
}
